
Microsoft Visual Studio Solution File, Format Version 12.00
# Visual Studio Version 17
VisualStudioVersion = 17.0.32014.148
MinimumVisualStudioVersion = 10.0.40219.1
Project("{9A19103F-16F7-4668-BE54-9A1E7A4F7556}") = "EFCore.Inventory.DbLibrary", "EFCore.Inventory.DbLibrary\EFCore.Inventory.DbLibrary.csproj", "{E01B4D84-F690-4800-8299-52A2031E583B}"
EndProject
Project("{2150E333-8FDC-42A3-9474-1A3956D46DE8}") = "Solution Items", "Solution Items", "{8BE1E6A3-1C30-4477-A18C-CD0A6C5A7604}"
	ProjectSection(SolutionItems) = preProject
		.editorconfig = .editorconfig
	EndProjectSection
EndProject
Project("{9A19103F-16F7-4668-BE54-9A1E7A4F7556}") = "EFCore.Inventory.Models", "EFCore.Inventory.Models\EFCore.Inventory.Models.csproj", "{18850ACA-3B33-4EBB-BFD6-F4099F402473}"
EndProject
Project("{9A19103F-16F7-4668-BE54-9A1E7A4F7556}") = "EFCore.Inventory.Helpers", "EFCore.Inventory.Helpers\EFCore.Inventory.Helpers.csproj", "{F4F96BD8-13AD-48D3-B3CD-B80D8AE08C94}"
EndProject
Project("{9A19103F-16F7-4668-BE54-9A1E7A4F7556}") = "EFCore.Inventory.DataMigrator", "EFCore.Inventory.DataMigrator\EFCore.Inventory.DataMigrator.csproj", "{7BD1613F-359E-457F-AA9A-F1EF3E219AC7}"
EndProject
Project("{9A19103F-16F7-4668-BE54-9A1E7A4F7556}") = "EFCore.Inventory.ConsoleApp", "EFCore.Inventory.ConsoleApp\EFCore.Inventory.ConsoleApp.csproj", "{E45E1BCF-60BF-4DE4-AF8A-9152F7DDFB0D}"
EndProject
Project("{9A19103F-16F7-4668-BE54-9A1E7A4F7556}") = "EFCore.AdventureWorks.ConsoleApp", "EFCore.AdventureWorks.ConsoleApp\EFCore.AdventureWorks.ConsoleApp.csproj", "{838D4106-1802-456E-8EF8-0537FA23EBA0}"
EndProject
Project("{9A19103F-16F7-4668-BE54-9A1E7A4F7556}") = "EFCore.AdventureWorks.DbLibrary", "EFCore.AdventureWorks.DbLibrary\EFCore.AdventureWorks.DbLibrary.csproj", "{2D4F4E71-B70D-46B7-ABFF-FA0522603505}"
EndProject
Project("{9A19103F-16F7-4668-BE54-9A1E7A4F7556}") = "EFCore.Inventory.DatabaseAccessLayer", "EFCore.Inventory.DatabaseAccessLayer\EFCore.Inventory.DatabaseAccessLayer.csproj", "{D2975D58-E71E-4994-A0B7-32C8CA95AC8D}"
EndProject
Project("{9A19103F-16F7-4668-BE54-9A1E7A4F7556}") = "EFCore.Inventory.BusinessLogicLayer", "EFCore.Inventory.BusinessLogicLayer\EFCore.Inventory.BusinessLogicLayer.csproj", "{E6D2BC9A-1A88-4855-8245-50EC24BDDD65}"
EndProject
Project("{FAE04EC0-301F-11D3-BF4B-00C04F79EFBC}") = "EFCore.Inventory.UnitTests", "EFCore.Inventory.UnitTests\EFCore.Inventory.UnitTests.csproj", "{8EC72276-340D-4BA0-96A7-C0EAAB2533D4}"
EndProject
Project("{FAE04EC0-301F-11D3-BF4B-00C04F79EFBC}") = "EFCore.Inventory.IntegrationTests", "EFCore.Inventory.IntegrationTests\EFCore.Inventory.IntegrationTests.csproj", "{EA39C0DA-A611-48CD-9EF0-2126EF821A83}"
EndProject
Project("{FAE04EC0-301F-11D3-BF4B-00C04F79EFBC}") = "EFCore.WebIdentity", "EFCore.WebIdentity\EFCore.WebIdentity.csproj", "{090650A4-ECA8-45BC-B7B5-B17151246C0D}"
EndProject
Global
	GlobalSection(SolutionConfigurationPlatforms) = preSolution
		Debug|Any CPU = Debug|Any CPU
		Release|Any CPU = Release|Any CPU
	EndGlobalSection
	GlobalSection(ProjectConfigurationPlatforms) = postSolution
		{E01B4D84-F690-4800-8299-52A2031E583B}.Debug|Any CPU.ActiveCfg = Debug|Any CPU
		{E01B4D84-F690-4800-8299-52A2031E583B}.Debug|Any CPU.Build.0 = Debug|Any CPU
		{E01B4D84-F690-4800-8299-52A2031E583B}.Release|Any CPU.ActiveCfg = Release|Any CPU
		{E01B4D84-F690-4800-8299-52A2031E583B}.Release|Any CPU.Build.0 = Release|Any CPU
		{18850ACA-3B33-4EBB-BFD6-F4099F402473}.Debug|Any CPU.ActiveCfg = Debug|Any CPU
		{18850ACA-3B33-4EBB-BFD6-F4099F402473}.Debug|Any CPU.Build.0 = Debug|Any CPU
		{18850ACA-3B33-4EBB-BFD6-F4099F402473}.Release|Any CPU.ActiveCfg = Release|Any CPU
		{18850ACA-3B33-4EBB-BFD6-F4099F402473}.Release|Any CPU.Build.0 = Release|Any CPU
		{F4F96BD8-13AD-48D3-B3CD-B80D8AE08C94}.Debug|Any CPU.ActiveCfg = Debug|Any CPU
		{F4F96BD8-13AD-48D3-B3CD-B80D8AE08C94}.Debug|Any CPU.Build.0 = Debug|Any CPU
		{F4F96BD8-13AD-48D3-B3CD-B80D8AE08C94}.Release|Any CPU.ActiveCfg = Release|Any CPU
		{F4F96BD8-13AD-48D3-B3CD-B80D8AE08C94}.Release|Any CPU.Build.0 = Release|Any CPU
		{7BD1613F-359E-457F-AA9A-F1EF3E219AC7}.Debug|Any CPU.ActiveCfg = Debug|Any CPU
		{7BD1613F-359E-457F-AA9A-F1EF3E219AC7}.Debug|Any CPU.Build.0 = Debug|Any CPU
		{7BD1613F-359E-457F-AA9A-F1EF3E219AC7}.Release|Any CPU.ActiveCfg = Release|Any CPU
		{7BD1613F-359E-457F-AA9A-F1EF3E219AC7}.Release|Any CPU.Build.0 = Release|Any CPU
		{E45E1BCF-60BF-4DE4-AF8A-9152F7DDFB0D}.Debug|Any CPU.ActiveCfg = Debug|Any CPU
		{E45E1BCF-60BF-4DE4-AF8A-9152F7DDFB0D}.Debug|Any CPU.Build.0 = Debug|Any CPU
		{E45E1BCF-60BF-4DE4-AF8A-9152F7DDFB0D}.Release|Any CPU.ActiveCfg = Release|Any CPU
		{E45E1BCF-60BF-4DE4-AF8A-9152F7DDFB0D}.Release|Any CPU.Build.0 = Release|Any CPU
		{838D4106-1802-456E-8EF8-0537FA23EBA0}.Debug|Any CPU.ActiveCfg = Debug|Any CPU
		{838D4106-1802-456E-8EF8-0537FA23EBA0}.Debug|Any CPU.Build.0 = Debug|Any CPU
		{838D4106-1802-456E-8EF8-0537FA23EBA0}.Release|Any CPU.ActiveCfg = Release|Any CPU
		{838D4106-1802-456E-8EF8-0537FA23EBA0}.Release|Any CPU.Build.0 = Release|Any CPU
		{2D4F4E71-B70D-46B7-ABFF-FA0522603505}.Debug|Any CPU.ActiveCfg = Debug|Any CPU
		{2D4F4E71-B70D-46B7-ABFF-FA0522603505}.Debug|Any CPU.Build.0 = Debug|Any CPU
		{2D4F4E71-B70D-46B7-ABFF-FA0522603505}.Release|Any CPU.ActiveCfg = Release|Any CPU
		{2D4F4E71-B70D-46B7-ABFF-FA0522603505}.Release|Any CPU.Build.0 = Release|Any CPU
		{D2975D58-E71E-4994-A0B7-32C8CA95AC8D}.Debug|Any CPU.ActiveCfg = Debug|Any CPU
		{D2975D58-E71E-4994-A0B7-32C8CA95AC8D}.Debug|Any CPU.Build.0 = Debug|Any CPU
		{D2975D58-E71E-4994-A0B7-32C8CA95AC8D}.Release|Any CPU.ActiveCfg = Release|Any CPU
		{D2975D58-E71E-4994-A0B7-32C8CA95AC8D}.Release|Any CPU.Build.0 = Release|Any CPU
		{E6D2BC9A-1A88-4855-8245-50EC24BDDD65}.Debug|Any CPU.ActiveCfg = Debug|Any CPU
		{E6D2BC9A-1A88-4855-8245-50EC24BDDD65}.Debug|Any CPU.Build.0 = Debug|Any CPU
		{E6D2BC9A-1A88-4855-8245-50EC24BDDD65}.Release|Any CPU.ActiveCfg = Release|Any CPU
		{E6D2BC9A-1A88-4855-8245-50EC24BDDD65}.Release|Any CPU.Build.0 = Release|Any CPU
		{8EC72276-340D-4BA0-96A7-C0EAAB2533D4}.Debug|Any CPU.ActiveCfg = Debug|Any CPU
		{8EC72276-340D-4BA0-96A7-C0EAAB2533D4}.Debug|Any CPU.Build.0 = Debug|Any CPU
		{8EC72276-340D-4BA0-96A7-C0EAAB2533D4}.Release|Any CPU.ActiveCfg = Release|Any CPU
		{8EC72276-340D-4BA0-96A7-C0EAAB2533D4}.Release|Any CPU.Build.0 = Release|Any CPU
		{EA39C0DA-A611-48CD-9EF0-2126EF821A83}.Debug|Any CPU.ActiveCfg = Debug|Any CPU
		{EA39C0DA-A611-48CD-9EF0-2126EF821A83}.Debug|Any CPU.Build.0 = Debug|Any CPU
		{EA39C0DA-A611-48CD-9EF0-2126EF821A83}.Release|Any CPU.ActiveCfg = Release|Any CPU
		{EA39C0DA-A611-48CD-9EF0-2126EF821A83}.Release|Any CPU.Build.0 = Release|Any CPU
		{090650A4-ECA8-45BC-B7B5-B17151246C0D}.Debug|Any CPU.ActiveCfg = Debug|Any CPU
		{090650A4-ECA8-45BC-B7B5-B17151246C0D}.Debug|Any CPU.Build.0 = Debug|Any CPU
		{090650A4-ECA8-45BC-B7B5-B17151246C0D}.Release|Any CPU.ActiveCfg = Release|Any CPU
		{090650A4-ECA8-45BC-B7B5-B17151246C0D}.Release|Any CPU.Build.0 = Release|Any CPU
	EndGlobalSection
	GlobalSection(SolutionProperties) = preSolution
		HideSolutionNode = FALSE
	EndGlobalSection
	GlobalSection(ExtensibilityGlobals) = postSolution
		SolutionGuid = {22A65222-5630-49A9-8F2E-BE446E9459FF}
	EndGlobalSection
EndGlobal
